// !$*UTF8*$!
{
	archiveVersion = 1;
	classes = {
	};
	objectVersion = 46;
	objects = {

/* Begin PBXBuildFile section */
		2D1FF22C1DEC7245001E5608 /* AppDelegate.swift in Sources */ = {isa = PBXBuildFile; fileRef = 2D1FF22B1DEC7245001E5608 /* AppDelegate.swift */; };
		2D1FF2331DEC7245001E5608 /* Assets.xcassets in Resources */ = {isa = PBXBuildFile; fileRef = 2D1FF2321DEC7245001E5608 /* Assets.xcassets */; };
		2D1FF2361DEC7245001E5608 /* LaunchScreen.storyboard in Resources */ = {isa = PBXBuildFile; fileRef = 2D1FF2341DEC7245001E5608 /* LaunchScreen.storyboard */; };
		2D1FF24B1DEC746E001E5608 /* EMBaseTabBarController.swift in Sources */ = {isa = PBXBuildFile; fileRef = 2D1FF24A1DEC746E001E5608 /* EMBaseTabBarController.swift */; };
		2D1FF24D1DEC74E8001E5608 /* EMBaseVC.swift in Sources */ = {isa = PBXBuildFile; fileRef = 2D1FF24C1DEC74E8001E5608 /* EMBaseVC.swift */; };
		2DBBE46B1DEC772100E3A931 /* EMHomeVC.swift in Sources */ = {isa = PBXBuildFile; fileRef = 2DBBE46A1DEC772100E3A931 /* EMHomeVC.swift */; };
		2DBBE46D1DEC772F00E3A931 /* EMLiveVC.swift in Sources */ = {isa = PBXBuildFile; fileRef = 2DBBE46C1DEC772F00E3A931 /* EMLiveVC.swift */; };
		2DBBE46F1DEC773900E3A931 /* EMVideoVC.swift in Sources */ = {isa = PBXBuildFile; fileRef = 2DBBE46E1DEC773900E3A931 /* EMVideoVC.swift */; };
		2DBBE4711DEC774300E3A931 /* EMFollowVC.swift in Sources */ = {isa = PBXBuildFile; fileRef = 2DBBE4701DEC774300E3A931 /* EMFollowVC.swift */; };
		2DBBE4731DEC775000E3A931 /* EMMineVC.swift in Sources */ = {isa = PBXBuildFile; fileRef = 2DBBE4721DEC775000E3A931 /* EMMineVC.swift */; };
		2DBBE4771DEC798000E3A931 /* Main.storyboard in Resources */ = {isa = PBXBuildFile; fileRef = 2DBBE4761DEC798000E3A931 /* Main.storyboard */; };
		2DBBE47B1DEC7A4800E3A931 /* EMBaseNV.swift in Sources */ = {isa = PBXBuildFile; fileRef = 2DBBE47A1DEC7A4800E3A931 /* EMBaseNV.swift */; };
		2DE249FB1DF41C520099DAD2 /* EMPageTitleView.swift in Sources */ = {isa = PBXBuildFile; fileRef = 2DE249FA1DF41C520099DAD2 /* EMPageTitleView.swift */; };
		2DE249FD1DF424480099DAD2 /* UIColor-Extension.swift in Sources */ = {isa = PBXBuildFile; fileRef = 2DE249FC1DF424480099DAD2 /* UIColor-Extension.swift */; };
		2DE249FF1DF429820099DAD2 /* EMPageContentView.swift in Sources */ = {isa = PBXBuildFile; fileRef = 2DE249FE1DF429820099DAD2 /* EMPageContentView.swift */; };
		2DE24A011DF434450099DAD2 /* EMRecommandVC.swift in Sources */ = {isa = PBXBuildFile; fileRef = 2DE24A001DF434450099DAD2 /* EMRecommandVC.swift */; };
		2DE24A031DF434530099DAD2 /* EMGameVC.swift in Sources */ = {isa = PBXBuildFile; fileRef = 2DE24A021DF434530099DAD2 /* EMGameVC.swift */; };
		2DE24A051DF434640099DAD2 /* EMAmuseVC.swift in Sources */ = {isa = PBXBuildFile; fileRef = 2DE24A041DF434640099DAD2 /* EMAmuseVC.swift */; };
		2DE24A071DF4346F0099DAD2 /* EMFunnyVC.swift in Sources */ = {isa = PBXBuildFile; fileRef = 2DE24A061DF4346F0099DAD2 /* EMFunnyVC.swift */; };
		2DE5379F1DEDAB97005B8D11 /* UIBarButtonItem-Extension.swift in Sources */ = {isa = PBXBuildFile; fileRef = 2DE5379E1DEDAB97005B8D11 /* UIBarButtonItem-Extension.swift */; };
		2DE537A11DEDC7AA005B8D11 /* Common.swift in Sources */ = {isa = PBXBuildFile; fileRef = 2DE537A01DEDC7AA005B8D11 /* Common.swift */; };
		A979C135F4EAA1569DBB01D0 /* Pods_DouyuTV.framework in Frameworks */ = {isa = PBXBuildFile; fileRef = 1A1194042452E692353BCE33 /* Pods_DouyuTV.framework */; };
/* End PBXBuildFile section */

/* Begin PBXFileReference section */
		1A1194042452E692353BCE33 /* Pods_DouyuTV.framework */ = {isa = PBXFileReference; explicitFileType = wrapper.framework; includeInIndex = 0; path = Pods_DouyuTV.framework; sourceTree = BUILT_PRODUCTS_DIR; };
		2D1FF2281DEC7245001E5608 /* DouyuTV.app */ = {isa = PBXFileReference; explicitFileType = wrapper.application; includeInIndex = 0; path = DouyuTV.app; sourceTree = BUILT_PRODUCTS_DIR; };
		2D1FF22B1DEC7245001E5608 /* AppDelegate.swift */ = {isa = PBXFileReference; lastKnownFileType = sourcecode.swift; path = AppDelegate.swift; sourceTree = "<group>"; };
		2D1FF2321DEC7245001E5608 /* Assets.xcassets */ = {isa = PBXFileReference; lastKnownFileType = folder.assetcatalog; path = Assets.xcassets; sourceTree = "<group>"; };
		2D1FF2351DEC7245001E5608 /* Base */ = {isa = PBXFileReference; lastKnownFileType = file.storyboard; name = Base; path = Base.lproj/LaunchScreen.storyboard; sourceTree = "<group>"; };
		2D1FF2371DEC7245001E5608 /* Info.plist */ = {isa = PBXFileReference; lastKnownFileType = text.plist.xml; path = Info.plist; sourceTree = "<group>"; };
		2D1FF24A1DEC746E001E5608 /* EMBaseTabBarController.swift */ = {isa = PBXFileReference; fileEncoding = 4; lastKnownFileType = sourcecode.swift; path = EMBaseTabBarController.swift; sourceTree = "<group>"; };
		2D1FF24C1DEC74E8001E5608 /* EMBaseVC.swift */ = {isa = PBXFileReference; fileEncoding = 4; lastKnownFileType = sourcecode.swift; path = EMBaseVC.swift; sourceTree = "<group>"; };
		2DBBE46A1DEC772100E3A931 /* EMHomeVC.swift */ = {isa = PBXFileReference; fileEncoding = 4; lastKnownFileType = sourcecode.swift; path = EMHomeVC.swift; sourceTree = "<group>"; };
		2DBBE46C1DEC772F00E3A931 /* EMLiveVC.swift */ = {isa = PBXFileReference; fileEncoding = 4; lastKnownFileType = sourcecode.swift; path = EMLiveVC.swift; sourceTree = "<group>"; };
		2DBBE46E1DEC773900E3A931 /* EMVideoVC.swift */ = {isa = PBXFileReference; fileEncoding = 4; lastKnownFileType = sourcecode.swift; path = EMVideoVC.swift; sourceTree = "<group>"; };
		2DBBE4701DEC774300E3A931 /* EMFollowVC.swift */ = {isa = PBXFileReference; fileEncoding = 4; lastKnownFileType = sourcecode.swift; path = EMFollowVC.swift; sourceTree = "<group>"; };
		2DBBE4721DEC775000E3A931 /* EMMineVC.swift */ = {isa = PBXFileReference; fileEncoding = 4; lastKnownFileType = sourcecode.swift; path = EMMineVC.swift; sourceTree = "<group>"; };
		2DBBE4761DEC798000E3A931 /* Main.storyboard */ = {isa = PBXFileReference; fileEncoding = 4; lastKnownFileType = file.storyboard; path = Main.storyboard; sourceTree = "<group>"; };
		2DBBE47A1DEC7A4800E3A931 /* EMBaseNV.swift */ = {isa = PBXFileReference; fileEncoding = 4; lastKnownFileType = sourcecode.swift; path = EMBaseNV.swift; sourceTree = "<group>"; };
		2DE249FA1DF41C520099DAD2 /* EMPageTitleView.swift */ = {isa = PBXFileReference; fileEncoding = 4; lastKnownFileType = sourcecode.swift; path = EMPageTitleView.swift; sourceTree = "<group>"; };
		2DE249FC1DF424480099DAD2 /* UIColor-Extension.swift */ = {isa = PBXFileReference; fileEncoding = 4; lastKnownFileType = sourcecode.swift; path = "UIColor-Extension.swift"; sourceTree = "<group>"; };
		2DE249FE1DF429820099DAD2 /* EMPageContentView.swift */ = {isa = PBXFileReference; fileEncoding = 4; lastKnownFileType = sourcecode.swift; path = EMPageContentView.swift; sourceTree = "<group>"; };
		2DE24A001DF434450099DAD2 /* EMRecommandVC.swift */ = {isa = PBXFileReference; fileEncoding = 4; lastKnownFileType = sourcecode.swift; path = EMRecommandVC.swift; sourceTree = "<group>"; };
		2DE24A021DF434530099DAD2 /* EMGameVC.swift */ = {isa = PBXFileReference; fileEncoding = 4; lastKnownFileType = sourcecode.swift; path = EMGameVC.swift; sourceTree = "<group>"; };
		2DE24A041DF434640099DAD2 /* EMAmuseVC.swift */ = {isa = PBXFileReference; fileEncoding = 4; lastKnownFileType = sourcecode.swift; path = EMAmuseVC.swift; sourceTree = "<group>"; };
		2DE24A061DF4346F0099DAD2 /* EMFunnyVC.swift */ = {isa = PBXFileReference; fileEncoding = 4; lastKnownFileType = sourcecode.swift; path = EMFunnyVC.swift; sourceTree = "<group>"; };
		2DE5379E1DEDAB97005B8D11 /* UIBarButtonItem-Extension.swift */ = {isa = PBXFileReference; fileEncoding = 4; lastKnownFileType = sourcecode.swift; path = "UIBarButtonItem-Extension.swift"; sourceTree = "<group>"; };
		2DE537A01DEDC7AA005B8D11 /* Common.swift */ = {isa = PBXFileReference; fileEncoding = 4; lastKnownFileType = sourcecode.swift; name = Common.swift; path = ../Common.swift; sourceTree = "<group>"; };
		7B0E28254D9D1E542ADA7A8E /* Pods-DouyuTV.debug.xcconfig */ = {isa = PBXFileReference; includeInIndex = 1; lastKnownFileType = text.xcconfig; name = "Pods-DouyuTV.debug.xcconfig"; path = "Pods/Target Support Files/Pods-DouyuTV/Pods-DouyuTV.debug.xcconfig"; sourceTree = "<group>"; };
		CAB0564D72757430EB6A32C2 /* Pods-DouyuTV.release.xcconfig */ = {isa = PBXFileReference; includeInIndex = 1; lastKnownFileType = text.xcconfig; name = "Pods-DouyuTV.release.xcconfig"; path = "Pods/Target Support Files/Pods-DouyuTV/Pods-DouyuTV.release.xcconfig"; sourceTree = "<group>"; };
/* End PBXFileReference section */

/* Begin PBXFrameworksBuildPhase section */
		2D1FF2251DEC7245001E5608 /* Frameworks */ = {
			isa = PBXFrameworksBuildPhase;
			buildActionMask = 2147483647;
			files = (
				A979C135F4EAA1569DBB01D0 /* Pods_DouyuTV.framework in Frameworks */,
			);
			runOnlyForDeploymentPostprocessing = 0;
		};
/* End PBXFrameworksBuildPhase section */

/* Begin PBXGroup section */
		0125ABE6A11B05D33115FD47 /* Pods */ = {
			isa = PBXGroup;
			children = (
				7B0E28254D9D1E542ADA7A8E /* Pods-DouyuTV.debug.xcconfig */,
				CAB0564D72757430EB6A32C2 /* Pods-DouyuTV.release.xcconfig */,
			);
			name = Pods;
			sourceTree = "<group>";
		};
		1C39AE8B8337E475878E199C /* Frameworks */ = {
			isa = PBXGroup;
			children = (
				1A1194042452E692353BCE33 /* Pods_DouyuTV.framework */,
			);
			name = Frameworks;
			sourceTree = "<group>";
		};
		2D1FF21F1DEC7245001E5608 = {
			isa = PBXGroup;
			children = (
				2D1FF22A1DEC7245001E5608 /* DouyuTV */,
				2D1FF2291DEC7245001E5608 /* Products */,
				0125ABE6A11B05D33115FD47 /* Pods */,
				1C39AE8B8337E475878E199C /* Frameworks */,
			);
			sourceTree = "<group>";
		};
		2D1FF2291DEC7245001E5608 /* Products */ = {
			isa = PBXGroup;
			children = (
				2D1FF2281DEC7245001E5608 /* DouyuTV.app */,
			);
			name = Products;
			sourceTree = "<group>";
		};
		2D1FF22A1DEC7245001E5608 /* DouyuTV */ = {
			isa = PBXGroup;
			children = (
				2DE5379C1DEDAB74005B8D11 /* Tool */,
				2D1FF2401DEC72AF001E5608 /* Main */,
				2D1FF2431DEC73E6001E5608 /* Base */,
				2D1FF23E1DEC72AF001E5608 /* Home */,
				2D1FF23F1DEC72AF001E5608 /* Live */,
				2D1FF2421DEC72AF001E5608 /* Video */,
				2D1FF23D1DEC72AF001E5608 /* Follow */,
				2D1FF2411DEC72AF001E5608 /* Mine */,
				2D1FF22B1DEC7245001E5608 /* AppDelegate.swift */,
				2D1FF2321DEC7245001E5608 /* Assets.xcassets */,
				2D1FF2371DEC7245001E5608 /* Info.plist */,
			);
			path = DouyuTV;
			sourceTree = "<group>";
		};
		2D1FF23D1DEC72AF001E5608 /* Follow */ = {
			isa = PBXGroup;
			children = (
				2DBBE4701DEC774300E3A931 /* EMFollowVC.swift */,
			);
			path = Follow;
			sourceTree = "<group>";
		};
		2D1FF23E1DEC72AF001E5608 /* Home */ = {
			isa = PBXGroup;
			children = (
				2DBBE46A1DEC772100E3A931 /* EMHomeVC.swift */,
				2DE24A001DF434450099DAD2 /* EMRecommandVC.swift */,
				2DE24A021DF434530099DAD2 /* EMGameVC.swift */,
				2DE24A041DF434640099DAD2 /* EMAmuseVC.swift */,
				2DE24A061DF4346F0099DAD2 /* EMFunnyVC.swift */,
			);
			path = Home;
			sourceTree = "<group>";
		};
		2D1FF23F1DEC72AF001E5608 /* Live */ = {
			isa = PBXGroup;
			children = (
				2DBBE46C1DEC772F00E3A931 /* EMLiveVC.swift */,
			);
			path = Live;
			sourceTree = "<group>";
		};
		2D1FF2401DEC72AF001E5608 /* Main */ = {
			isa = PBXGroup;
			children = (
				2DE249F71DF41C390099DAD2 /* Controller */,
				2DE249F81DF41C390099DAD2 /* Model */,
				2DE249F91DF41C390099DAD2 /* View */,
				2DBBE4761DEC798000E3A931 /* Main.storyboard */,
				2D1FF2341DEC7245001E5608 /* LaunchScreen.storyboard */,
			);
			path = Main;
			sourceTree = "<group>";
		};
		2D1FF2411DEC72AF001E5608 /* Mine */ = {
			isa = PBXGroup;
			children = (
				2DBBE4721DEC775000E3A931 /* EMMineVC.swift */,
			);
			path = Mine;
			sourceTree = "<group>";
		};
		2D1FF2421DEC72AF001E5608 /* Video */ = {
			isa = PBXGroup;
			children = (
				2DBBE46E1DEC773900E3A931 /* EMVideoVC.swift */,
			);
			path = Video;
			sourceTree = "<group>";
		};
		2D1FF2431DEC73E6001E5608 /* Base */ = {
			isa = PBXGroup;
			children = (
				2D1FF24A1DEC746E001E5608 /* EMBaseTabBarController.swift */,
				2D1FF24C1DEC74E8001E5608 /* EMBaseVC.swift */,
				2DBBE47A1DEC7A4800E3A931 /* EMBaseNV.swift */,
			);
			path = Base;
			sourceTree = "<group>";
		};
		2DE249F71DF41C390099DAD2 /* Controller */ = {
			isa = PBXGroup;
			children = (
			);
			path = Controller;
			sourceTree = "<group>";
		};
		2DE249F81DF41C390099DAD2 /* Model */ = {
			isa = PBXGroup;
			children = (
			);
			path = Model;
			sourceTree = "<group>";
		};
		2DE249F91DF41C390099DAD2 /* View */ = {
			isa = PBXGroup;
			children = (
				2DE249FA1DF41C520099DAD2 /* EMPageTitleView.swift */,
				2DE249FE1DF429820099DAD2 /* EMPageContentView.swift */,
			);
			path = View;
			sourceTree = "<group>";
		};
		2DE5379C1DEDAB74005B8D11 /* Tool */ = {
			isa = PBXGroup;
			children = (
				2DE5379D1DEDAB74005B8D11 /* Extension */,
			);
			path = Tool;
			sourceTree = "<group>";
		};
		2DE5379D1DEDAB74005B8D11 /* Extension */ = {
			isa = PBXGroup;
			children = (
				2DE537A01DEDC7AA005B8D11 /* Common.swift */,
				2DE5379E1DEDAB97005B8D11 /* UIBarButtonItem-Extension.swift */,
				2DE249FC1DF424480099DAD2 /* UIColor-Extension.swift */,
			);
			path = Extension;
			sourceTree = "<group>";
		};
/* End PBXGroup section */

/* Begin PBXNativeTarget section */
		2D1FF2271DEC7245001E5608 /* DouyuTV */ = {
			isa = PBXNativeTarget;
			buildConfigurationList = 2D1FF23A1DEC7245001E5608 /* Build configuration list for PBXNativeTarget "DouyuTV" */;
			buildPhases = (
				943749096F8880AE4B8BE4BD /* [CP] Check Pods Manifest.lock */,
				2D1FF2241DEC7245001E5608 /* Sources */,
				2D1FF2251DEC7245001E5608 /* Frameworks */,
				2D1FF2261DEC7245001E5608 /* Resources */,
				FF85D8A1166F5D775AE9277F /* [CP] Embed Pods Frameworks */,
				96E2FD2905DE6CE89363B1DE /* [CP] Copy Pods Resources */,
			);
			buildRules = (
			);
			dependencies = (
			);
			name = DouyuTV;
			productName = DouyuTV;
			productReference = 2D1FF2281DEC7245001E5608 /* DouyuTV.app */;
			productType = "com.apple.product-type.application";
		};
/* End PBXNativeTarget section */

/* Begin PBXProject section */
		2D1FF2201DEC7245001E5608 /* Project object */ = {
			isa = PBXProject;
			attributes = {
				CLASSPREFIX = EM;
				LastSwiftUpdateCheck = 0810;
				LastUpgradeCheck = 0810;
				ORGANIZATIONNAME = Emir;
				TargetAttributes = {
					2D1FF2271DEC7245001E5608 = {
						CreatedOnToolsVersion = 8.1;
						DevelopmentTeam = 4UXYUEAXC7;
						ProvisioningStyle = Automatic;
					};
				};
			};
			buildConfigurationList = 2D1FF2231DEC7245001E5608 /* Build configuration list for PBXProject "DouyuTV" */;
			compatibilityVersion = "Xcode 3.2";
			developmentRegion = English;
			hasScannedForEncodings = 0;
			knownRegions = (
				en,
				Base,
			);
			mainGroup = 2D1FF21F1DEC7245001E5608;
			productRefGroup = 2D1FF2291DEC7245001E5608 /* Products */;
			projectDirPath = "";
			projectRoot = "";
			targets = (
				2D1FF2271DEC7245001E5608 /* DouyuTV */,
			);
		};
/* End PBXProject section */

/* Begin PBXResourcesBuildPhase section */
		2D1FF2261DEC7245001E5608 /* Resources */ = {
			isa = PBXResourcesBuildPhase;
			buildActionMask = 2147483647;
			files = (
				2DBBE4771DEC798000E3A931 /* Main.storyboard in Resources */,
				2D1FF2361DEC7245001E5608 /* LaunchScreen.storyboard in Resources */,
				2D1FF2331DEC7245001E5608 /* Assets.xcassets in Resources */,
			);
			runOnlyForDeploymentPostprocessing = 0;
		};
/* End PBXResourcesBuildPhase section */

/* Begin PBXShellScriptBuildPhase section */
		943749096F8880AE4B8BE4BD /* [CP] Check Pods Manifest.lock */ = {
			isa = PBXShellScriptBuildPhase;
			buildActionMask = 2147483647;
			files = (
			);
			inputPaths = (
			);
			name = "[CP] Check Pods Manifest.lock";
			outputPaths = (
			);
			runOnlyForDeploymentPostprocessing = 0;
			shellPath = /bin/sh;
			shellScript = "diff \"${PODS_ROOT}/../Podfile.lock\" \"${PODS_ROOT}/Manifest.lock\" > /dev/null\nif [ $? != 0 ] ; then\n    # print error to STDERR\n    echo \"error: The sandbox is not in sync with the Podfile.lock. Run 'pod install' or update your CocoaPods installation.\" >&2\n    exit 1\nfi\n";
			showEnvVarsInLog = 0;
		};
		96E2FD2905DE6CE89363B1DE /* [CP] Copy Pods Resources */ = {
			isa = PBXShellScriptBuildPhase;
			buildActionMask = 2147483647;
			files = (
			);
			inputPaths = (
			);
			name = "[CP] Copy Pods Resources";
			outputPaths = (
			);
			runOnlyForDeploymentPostprocessing = 0;
			shellPath = /bin/sh;
			shellScript = "\"${SRCROOT}/Pods/Target Support Files/Pods-DouyuTV/Pods-DouyuTV-resources.sh\"\n";
			showEnvVarsInLog = 0;
		};
		FF85D8A1166F5D775AE9277F /* [CP] Embed Pods Frameworks */ = {
			isa = PBXShellScriptBuildPhase;
			buildActionMask = 2147483647;
			files = (
			);
			inputPaths = (
			);
			name = "[CP] Embed Pods Frameworks";
			outputPaths = (
			);
			runOnlyForDeploymentPostprocessing = 0;
			shellPath = /bin/sh;
			shellScript = "\"${SRCROOT}/Pods/Target Support Files/Pods-DouyuTV/Pods-DouyuTV-frameworks.sh\"\n";
			showEnvVarsInLog = 0;
		};
/* End PBXShellScriptBuildPhase section */

/* Begin PBXSourcesBuildPhase section */
		2D1FF2241DEC7245001E5608 /* Sources */ = {
			isa = PBXSourcesBuildPhase;
			buildActionMask = 2147483647;
			files = (
				2DE5379F1DEDAB97005B8D11 /* UIBarButtonItem-Extension.swift in Sources */,
				2DBBE4711DEC774300E3A931 /* EMFollowVC.swift in Sources */,
				2DBBE46B1DEC772100E3A931 /* EMHomeVC.swift in Sources */,
				2DBBE4731DEC775000E3A931 /* EMMineVC.swift in Sources */,
				2DE249FB1DF41C520099DAD2 /* EMPageTitleView.swift in Sources */,
				2DE537A11DEDC7AA005B8D11 /* Common.swift in Sources */,
				2D1FF22C1DEC7245001E5608 /* AppDelegate.swift in Sources */,
				2DE24A051DF434640099DAD2 /* EMAmuseVC.swift in Sources */,
				2D1FF24B1DEC746E001E5608 /* EMBaseTabBarController.swift in Sources */,
				2DE249FD1DF424480099DAD2 /* UIColor-Extension.swift in Sources */,
				2DBBE46D1DEC772F00E3A931 /* EMLiveVC.swift in Sources */,
				2DBBE47B1DEC7A4800E3A931 /* EMBaseNV.swift in Sources */,
				2D1FF24D1DEC74E8001E5608 /* EMBaseVC.swift in Sources */,
				2DE24A011DF434450099DAD2 /* EMRecommandVC.swift in Sources */,
				2DBBE46F1DEC773900E3A931 /* EMVideoVC.swift in Sources */,
				2DE24A031DF434530099DAD2 /* EMGameVC.swift in Sources */,
				2DE249FF1DF429820099DAD2 /* EMPageContentView.swift in Sources */,
				2DE24A071DF4346F0099DAD2 /* EMFunnyVC.swift in Sources */,
			);
			runOnlyForDeploymentPostprocessing = 0;
		};
/* End PBXSourcesBuildPhase section */

/* Begin PBXVariantGroup section */
		2D1FF2341DEC7245001E5608 /* LaunchScreen.storyboard */ = {
			isa = PBXVariantGroup;
			children = (
				2D1FF2351DEC7245001E5608 /* Base */,
			);
			name = LaunchScreen.storyboard;
			path = ..;
			sourceTree = "<group>";
		};
/* End PBXVariantGroup section */

/* Begin XCBuildConfiguration section */
		2D1FF2381DEC7245001E5608 /* Debug */ = {
			isa = XCBuildConfiguration;
			buildSettings = {
				ALWAYS_SEARCH_USER_PATHS = NO;
				CLANG_ANALYZER_NONNULL = YES;
				CLANG_CXX_LANGUAGE_STANDARD = "gnu++0x";
				CLANG_CXX_LIBRARY = "libc++";
				CLANG_ENABLE_MODULES = YES;
				CLANG_ENABLE_OBJC_ARC = YES;
				CLANG_WARN_BOOL_CONVERSION = YES;
				CLANG_WARN_CONSTANT_CONVERSION = YES;
				CLANG_WARN_DIRECT_OBJC_ISA_USAGE = YES_ERROR;
				CLANG_WARN_DOCUMENTATION_COMMENTS = YES;
				CLANG_WARN_EMPTY_BODY = YES;
				CLANG_WARN_ENUM_CONVERSION = YES;
				CLANG_WARN_INFINITE_RECURSION = YES;
				CLANG_WARN_INT_CONVERSION = YES;
				CLANG_WARN_OBJC_ROOT_CLASS = YES_ERROR;
				CLANG_WARN_SUSPICIOUS_MOVES = YES;
				CLANG_WARN_UNREACHABLE_CODE = YES;
				CLANG_WARN__DUPLICATE_METHOD_MATCH = YES;
				"CODE_SIGN_IDENTITY[sdk=iphoneos*]" = "iPhone Developer";
				COPY_PHASE_STRIP = NO;
				DEBUG_INFORMATION_FORMAT = dwarf;
				ENABLE_STRICT_OBJC_MSGSEND = YES;
				ENABLE_TESTABILITY = YES;
				GCC_C_LANGUAGE_STANDARD = gnu99;
				GCC_DYNAMIC_NO_PIC = NO;
				GCC_NO_COMMON_BLOCKS = YES;
				GCC_OPTIMIZATION_LEVEL = 0;
				GCC_PREPROCESSOR_DEFINITIONS = (
					"DEBUG=1",
					"$(inherited)",
				);
				GCC_WARN_64_TO_32_BIT_CONVERSION = YES;
				GCC_WARN_ABOUT_RETURN_TYPE = YES_ERROR;
				GCC_WARN_UNDECLARED_SELECTOR = YES;
				GCC_WARN_UNINITIALIZED_AUTOS = YES_AGGRESSIVE;
				GCC_WARN_UNUSED_FUNCTION = YES;
				GCC_WARN_UNUSED_VARIABLE = YES;
				IPHONEOS_DEPLOYMENT_TARGET = 10.1;
				MTL_ENABLE_DEBUG_INFO = YES;
				ONLY_ACTIVE_ARCH = YES;
				SDKROOT = iphoneos;
				SWIFT_ACTIVE_COMPILATION_CONDITIONS = DEBUG;
				SWIFT_OPTIMIZATION_LEVEL = "-Onone";
			};
			name = Debug;
		};
		2D1FF2391DEC7245001E5608 /* Release */ = {
			isa = XCBuildConfiguration;
			buildSettings = {
				ALWAYS_SEARCH_USER_PATHS = NO;
				CLANG_ANALYZER_NONNULL = YES;
				CLANG_CXX_LANGUAGE_STANDARD = "gnu++0x";
				CLANG_CXX_LIBRARY = "libc++";
				CLANG_ENABLE_MODULES = YES;
				CLANG_ENABLE_OBJC_ARC = YES;
				CLANG_WARN_BOOL_CONVERSION = YES;
				CLANG_WARN_CONSTANT_CONVERSION = YES;
				CLANG_WARN_DIRECT_OBJC_ISA_USAGE = YES_ERROR;
				CLANG_WARN_DOCUMENTATION_COMMENTS = YES;
				CLANG_WARN_EMPTY_BODY = YES;
				CLANG_WARN_ENUM_CONVERSION = YES;
				CLANG_WARN_INFINITE_RECURSION = YES;
				CLANG_WARN_INT_CONVERSION = YES;
				CLANG_WARN_OBJC_ROOT_CLASS = YES_ERROR;
				CLANG_WARN_SUSPICIOUS_MOVES = YES;
				CLANG_WARN_UNREACHABLE_CODE = YES;
				CLANG_WARN__DUPLICATE_METHOD_MATCH = YES;
				"CODE_SIGN_IDENTITY[sdk=iphoneos*]" = "iPhone Developer";
				COPY_PHASE_STRIP = NO;
				DEBUG_INFORMATION_FORMAT = "dwarf-with-dsym";
				ENABLE_NS_ASSERTIONS = NO;
				ENABLE_STRICT_OBJC_MSGSEND = YES;
				GCC_C_LANGUAGE_STANDARD = gnu99;
				GCC_NO_COMMON_BLOCKS = YES;
				GCC_WARN_64_TO_32_BIT_CONVERSION = YES;
				GCC_WARN_ABOUT_RETURN_TYPE = YES_ERROR;
				GCC_WARN_UNDECLARED_SELECTOR = YES;
				GCC_WARN_UNINITIALIZED_AUTOS = YES_AGGRESSIVE;
				GCC_WARN_UNUSED_FUNCTION = YES;
				GCC_WARN_UNUSED_VARIABLE = YES;
				IPHONEOS_DEPLOYMENT_TARGET = 10.1;
				MTL_ENABLE_DEBUG_INFO = NO;
				SDKROOT = iphoneos;
				SWIFT_OPTIMIZATION_LEVEL = "-Owholemodule";
				VALIDATE_PRODUCT = YES;
			};
			name = Release;
		};
		2D1FF23B1DEC7245001E5608 /* Debug */ = {
			isa = XCBuildConfiguration;
			baseConfigurationReference = 7B0E28254D9D1E542ADA7A8E /* Pods-DouyuTV.debug.xcconfig */;
			buildSettings = {
				ASSETCATALOG_COMPILER_APPICON_NAME = AppIcon;
				ASSETCATALOG_COMPILER_LAUNCHIMAGE_NAME = LaunchImage;
				DEVELOPMENT_TEAM = 4UXYUEAXC7;
				INFOPLIST_FILE = DouyuTV/Info.plist;
				IPHONEOS_DEPLOYMENT_TARGET = 8.0;
				LD_RUNPATH_SEARCH_PATHS = "$(inherited) @executable_path/Frameworks";
				PRODUCT_BUNDLE_IDENTIFIER = com.crazycodingman.DouyuTV;
				PRODUCT_NAME = "$(TARGET_NAME)";
				SWIFT_VERSION = 3.0;
			};
			name = Debug;
		};
		2D1FF23C1DEC7245001E5608 /* Release */ = {
			isa = XCBuildConfiguration;
			baseConfigurationReference = CAB0564D72757430EB6A32C2 /* Pods-DouyuTV.release.xcconfig */;
			buildSettings = {
				ASSETCATALOG_COMPILER_APPICON_NAME = AppIcon;
				ASSETCATALOG_COMPILER_LAUNCHIMAGE_NAME = LaunchImage;
				DEVELOPMENT_TEAM = 4UXYUEAXC7;
				INFOPLIST_FILE = DouyuTV/Info.plist;
				IPHONEOS_DEPLOYMENT_TARGET = 8.0;
				LD_RUNPATH_SEARCH_PATHS = "$(inherited) @executable_path/Frameworks";
				PRODUCT_BUNDLE_IDENTIFIER = com.crazycodingman.DouyuTV;
				PRODUCT_NAME = "$(TARGET_NAME)";
				SWIFT_VERSION = 3.0;
			};
			name = Release;
		};
/* End XCBuildConfiguration section */

/* Begin XCConfigurationList section */
		2D1FF2231DEC7245001E5608 /* Build configuration list for PBXProject "DouyuTV" */ = {
			isa = XCConfigurationList;
			buildConfigurations = (
				2D1FF2381DEC7245001E5608 /* Debug */,
				2D1FF2391DEC7245001E5608 /* Release */,
			);
			defaultConfigurationIsVisible = 0;
			defaultConfigurationName = Release;
		};
		2D1FF23A1DEC7245001E5608 /* Build configuration list for PBXNativeTarget "DouyuTV" */ = {
			isa = XCConfigurationList;
			buildConfigurations = (
				2D1FF23B1DEC7245001E5608 /* Debug */,
				2D1FF23C1DEC7245001E5608 /* Release */,
			);
			defaultConfigurationIsVisible = 0;
			defaultConfigurationName = Release;
		};
/* End XCConfigurationList section */
	};
	rootObject = 2D1FF2201DEC7245001E5608 /* Project object */;
}
